
Microsoft Visual Studio Solution File, Format Version 12.00
# Visual Studio Version 17
VisualStudioVersion = 17.6.33829.357
MinimumVisualStudioVersion = 10.0.40219.1
Project("{FAE04EC0-301F-11D3-BF4B-00C04F79EFBC}") = "Pingerino", "Pingerino.csproj", "{69F90891-89F7-4EDB-8C35-91D372E1F30C}"
EndProject
Global
	GlobalSection(SolutionConfigurationPlatforms) = preSolution
		Debug|Any CPU = Debug|Any CPU
		Release|Any CPU = Release|Any CPU
	EndGlobalSection
	GlobalSection(ProjectConfigurationPlatforms) = postSolution
		{69F90891-89F7-4EDB-8C35-91D372E1F30C}.Debug|Any CPU.ActiveCfg = Debug|Any CPU
		{69F90891-89F7-4EDB-8C35-91D372E1F30C}.Debug|Any CPU.Build.0 = Debug|Any CPU
		{69F90891-89F7-4EDB-8C35-91D372E1F30C}.Release|Any CPU.ActiveCfg = Release|Any CPU
		{69F90891-89F7-4EDB-8C35-91D372E1F30C}.Release|Any CPU.Build.0 = Release|Any CPU
	EndGlobalSection
	GlobalSection(SolutionProperties) = preSolution
		HideSolutionNode = FALSE
	EndGlobalSection
	GlobalSection(ExtensibilityGlobals) = postSolution
		SolutionGuid = {A1640B14-6E09-47C1-AC9C-CBC9D973B6A1}
	EndGlobalSection
EndGlobal
